
Microsoft Visual Studio Solution File, Format Version 12.00
# Visual Studio Version 16
VisualStudioVersion = 16.0.30523.141
MinimumVisualStudioVersion = 10.0.40219.1
Project("{FAE04EC0-301F-11D3-BF4B-00C04F79EFBC}") = "Differential Equations", "Differential Equations.csproj", "{7718D481-63AA-43B4-8FFC-B93A92EC4F4F}"
EndProject
Global
	GlobalSection(SolutionConfigurationPlatforms) = preSolution
		Debug|Any CPU = Debug|Any CPU
		Release|Any CPU = Release|Any CPU
	EndGlobalSection
	GlobalSection(ProjectConfigurationPlatforms) = postSolution
		{7718D481-63AA-43B4-8FFC-B93A92EC4F4F}.Debug|Any CPU.ActiveCfg = Debug|Any CPU
		{7718D481-63AA-43B4-8FFC-B93A92EC4F4F}.Debug|Any CPU.Build.0 = Debug|Any CPU
		{7718D481-63AA-43B4-8FFC-B93A92EC4F4F}.Release|Any CPU.ActiveCfg = Release|Any CPU
		{7718D481-63AA-43B4-8FFC-B93A92EC4F4F}.Release|Any CPU.Build.0 = Release|Any CPU
	EndGlobalSection
	GlobalSection(SolutionProperties) = preSolution
		HideSolutionNode = FALSE
	EndGlobalSection
	GlobalSection(ExtensibilityGlobals) = postSolution
		SolutionGuid = {5052049E-1308-43DD-ABA8-B8C4D90C20B6}
	EndGlobalSection
EndGlobal
